{
  "requires": true,
  "lockfileVersion": 1,
  "dependencies": {
    "hyper-commands": {
      "version": "0.0.101",
      "resolved": "https://registry.npmjs.org/hyper-commands/-/hyper-commands-0.0.101.tgz",
      "integrity": "sha512-RId0vtpyUGd3W8slVal6bXEDRwt/IWmerxf6ngddZOazNANuaSnxx63r5abEkkvnfR0ZDox5xmWmxRdCsHE7QQ=="
    }
  }
}
